{
    "_readme": [
        "This file locks the dependencies of your project to a known state",
        "Read more about it at https://getcomposer.org/doc/01-basic-usage.md#composer-lock-the-lock-file",
        "This file is @generated automatically"
    ],
    "hash": "61d062a04a69daf7f681571896320820",
    "content-hash": "ac1ccefcf57088f18f9a67e8495b2018",
    "packages": [
        {
            "name": "aferrandini/phpqrcode",
            "version": "1.0.1",
            "source": {
                "type": "git",
                "url": "git@github.com:aferrandini/PHPQRCode.git",
                "reference": "3c1c0454d43710ab5bbe19a51ad4cb41c22e3d46"
            },
            "dist": {
                "type": "tar",
                "url": "https://buildpackages.kajona.de:5443//dist/aferrandini-phpqrcode-3c1c0454d43710ab5bbe19a51ad4cb41c22e3d46-zip-6be4ca.tar",
                "reference": "3c1c0454d43710ab5bbe19a51ad4cb41c22e3d46",
                "shasum": "90c3978d33f90698dd41b4d981ed3adab1496dea"
            },
            "require": {
                "php": ">=5.3.0"
            },
            "type": "library",
            "autoload": {
                "psr-0": {
                    "PHPQRCode": "lib/"
                }
            },
            "license": [
                "MIT"
            ],
            "authors": [
                {
                    "name": "Ariel Ferrandini",
                    "email": "arielferrandini@gmail.com",
                    "homepage": "http://www.ferrandini.com/"
                }
            ],
            "description": "PHPQRCode porting and changed for PHP 5.3 compatibility",
            "homepage": "https://github.com/aferrandini/PHPQRCode",
            "keywords": [
                "barcode",
                "php",
                "qrcode"
            ],
            "time": "2013-07-08 09:39:08"
        },
        {
            "name": "artemeon/image",
            "version": "v0.1.1",
            "source": {
                "type": "git",
                "url": "https://github.com/artemeon/image.git",
                "reference": "15c663ced6302a2208ac86e7ffa5a90b9a5e8022"
            },
            "dist": {
                "type": "zip",
                "url": "https://api.github.com/repos/artemeon/image/zipball/15c663ced6302a2208ac86e7ffa5a90b9a5e8022",
                "reference": "15c663ced6302a2208ac86e7ffa5a90b9a5e8022",
                "shasum": ""
            },
            "require": {
                "php": ">=7.0"
            },
            "require-dev": {
                "phpunit/phpunit": "^6.0"
            },
            "type": "library",
            "autoload": {
                "psr-4": {
                    "Artemeon\\Image\\": "src"
                }
            },
            "notification-url": "https://packagist.org/downloads/",
            "license": [
                "MIT"
            ],
            "description": "Simple image manipulation",
            "homepage": "http://kajona.de",
            "keywords": [
                "image",
                "manipulation"
            ],
            "time": "2018-03-29 15:14:54"
        },
        {
            "name": "doctrine/cache",
            "version": "v1.6.2",
            "source": {
                "type": "git",
                "url": "git@github.com:doctrine/cache.git",
                "reference": "fcaefc41da9c6da19578ac5b4f6d1c8c11125927"
            },
            "dist": {
                "type": "tar",
                "url": "https://buildpackages.kajona.de:5443//dist/doctrine-cache-fcaefc41da9c6da19578ac5b4f6d1c8c11125927-zip-8f5b62.tar",
                "reference": "fcaefc41da9c6da19578ac5b4f6d1c8c11125927",
                "shasum": "9276fbcf430750c8b16ff5e841b8ac63337c5c76"
            },
            "require": {
                "php": "~5.5|~7.0"
            },
            "conflict": {
                "doctrine/common": ">2.2,<2.4"
            },
            "require-dev": {
                "phpunit/phpunit": "~4.8|~5.0",
                "predis/predis": "~1.0",
                "satooshi/php-coveralls": "~0.6"
            },
            "type": "library",
            "extra": {
                "branch-alias": {
                    "dev-master": "1.6.x-dev"
                }
            },
            "autoload": {
                "psr-4": {
                    "Doctrine\\Common\\Cache\\": "lib/Doctrine/Common/Cache"
                }
            },
            "autoload-dev": {
                "psr-4": {
                    "Doctrine\\Tests\\": "tests/Doctrine/Tests"
                }
            },
            "license": [
                "MIT"
            ],
            "authors": [
                {
                    "name": "Guilherme Blanco",
                    "email": "guilhermeblanco@gmail.com"
                },
                {
                    "name": "Roman Borschel",
                    "email": "roman@code-factory.org"
                },
                {
                    "name": "Benjamin Eberlei",
                    "email": "kontakt@beberlei.de"
                },
                {
                    "name": "Jonathan Wage",
                    "email": "jonwage@gmail.com"
                },
                {
                    "name": "Johannes Schmitt",
                    "email": "schmittjoh@gmail.com"
                }
            ],
            "description": "Caching library offering an object-oriented API for many cache backends",
            "homepage": "http://www.doctrine-project.org",
            "keywords": [
                "cache",
                "caching"
            ],
            "time": "2017-07-22 12:49:21"
        },
        {
            "name": "pclzip/pclzip",
            "version": "2.8.2",
            "source": {
                "type": "git",
                "url": "https://github.com/ivanlanin/pclzip.git",
                "reference": "19dd1de9d3f5fc4d7d70175b4c344dee329f45fd"
            },
            "dist": {
                "type": "zip",
                "url": "https://api.github.com/repos/ivanlanin/pclzip/zipball/19dd1de9d3f5fc4d7d70175b4c344dee329f45fd",
                "reference": "19dd1de9d3f5fc4d7d70175b4c344dee329f45fd",
                "shasum": ""
            },
            "type": "library",
            "autoload": {
                "classmap": [
                    "pclzip.lib.php"
                ]
            },
            "notification-url": "https://packagist.org/downloads/",
            "license": [
                "LGPL-2.1"
            ],
            "authors": [
                {
                    "name": "Vincent Blavet"
                }
            ],
            "description": "A PHP library that offers compression and extraction functions for Zip formatted archives",
            "homepage": "http://www.phpconcept.net/pclzip",
            "keywords": [
                "php",
                "zip"
            ],
            "time": "2014-06-05 11:42:24"
        },
        {
            "name": "phpoffice/common",
            "version": "0.2.7",
            "source": {
                "type": "git",
                "url": "https://github.com/PHPOffice/Common.git",
                "reference": "d5992c95f199842fa8ba6329bb15d02716265d5b"
            },
            "dist": {
                "type": "zip",
                "url": "https://api.github.com/repos/PHPOffice/Common/zipball/d5992c95f199842fa8ba6329bb15d02716265d5b",
                "reference": "d5992c95f199842fa8ba6329bb15d02716265d5b",
                "shasum": ""
            },
            "require": {
                "pclzip/pclzip": "^2.8",
                "php": ">=5.3.0"
            },
            "require-dev": {
                "phpdocumentor/phpdocumentor": "2.*",
                "phploc/phploc": "2.*",
                "phpmd/phpmd": "2.*",
                "phpunit/phpunit": "3.7.*",
                "sebastian/phpcpd": "2.*",
                "squizlabs/php_codesniffer": "2.*"
            },
            "type": "library",
            "autoload": {
                "psr-4": {
                    "PhpOffice\\Common\\": "src/Common/"
                }
            },
            "notification-url": "https://packagist.org/downloads/",
            "license": [
                "LGPL"
            ],
            "authors": [
                {
                    "name": "Mark Baker"
                },
                {
                    "name": "Franck Lefevre",
                    "homepage": "http://rootslabs.net"
                }
            ],
            "description": "PHPOffice Common",
            "homepage": "http://phpoffice.github.io",
            "keywords": [
                "common",
                "component",
                "office",
                "php"
            ],
            "time": "2017-11-23 14:13:25"
        },
        {
            "name": "phpoffice/phpexcel",
            "version": "1.8.1",
            "source": {
                "type": "git",
                "url": "git@github.com:PHPOffice/PHPExcel.git",
                "reference": "132eafe3a44bcfba3227876f1ce347c2e75f47a6"
            },
            "dist": {
                "type": "tar",
                "url": "https://buildpackages.kajona.de:5443//dist/phpoffice-phpexcel-132eafe3a44bcfba3227876f1ce347c2e75f47a6-zip-730bb0.tar",
                "reference": "132eafe3a44bcfba3227876f1ce347c2e75f47a6",
                "shasum": "24f735fcd16a2fd728c729a9652227cc9d2a328b"
            },
            "require": {
                "ext-xml": "*",
                "ext-xmlwriter": "*",
                "php": ">=5.2.0"
            },
            "type": "library",
            "autoload": {
                "psr-0": {
                    "PHPExcel": "Classes/"
                }
            },
            "license": [
                "LGPL"
            ],
            "authors": [
                {
                    "name": "Maarten Balliauw",
                    "homepage": "http://blog.maartenballiauw.be"
                },
                {
                    "name": "Mark Baker"
                },
                {
                    "name": "Franck Lefevre",
                    "homepage": "http://blog.rootslabs.net"
                },
                {
                    "name": "Erik Tilt"
                }
            ],
            "description": "PHPExcel - OpenXML - Read, Create and Write Spreadsheet documents in PHP - Spreadsheet engine",
            "homepage": "http://phpexcel.codeplex.com",
            "keywords": [
                "Excel",
                "OpenXML",
                "PHP",
                "spreadsheet",
                "xls",
                "xlsx"
            ],
            "time": "2015-05-01 07:00:55"
        },
        {
            "name": "phpoffice/phppresentation",
            "version": "0.9.0",
            "source": {
                "type": "git",
                "url": "git@github.com:PHPOffice/PHPPresentation.git",
                "reference": "1fcc84072ee0061f8991b8f83050a99e706fe5ce"
            },
            "dist": {
                "type": "tar",
                "url": "https://buildpackages.kajona.de:5443//dist/phpoffice-phppresentation-1fcc84072ee0061f8991b8f83050a99e706fe5ce-zip-dd4e83.tar",
                "reference": "1fcc84072ee0061f8991b8f83050a99e706fe5ce",
                "shasum": "130b2f6ad6c8674ac8d4ee2de8d789568a223665"
            },
            "require": {
                "ext-xml": "*",
                "ext-zip": "*",
                "php": ">=5.3.0",
                "phpoffice/common": "0.2.*"
            },
            "require-dev": {
                "codeclimate/php-test-reporter": "dev-master",
                "phpdocumentor/phpdocumentor": "2.*",
                "phploc/phploc": "2.*",
                "phpmd/phpmd": "2.*",
                "phpunit/phpunit": "3.7.*",
                "sebastian/phpcpd": "2.*",
                "squizlabs/php_codesniffer": "2.*",
                "twig/twig": "1.27"
            },
            "suggest": {
                "ext-gd2": "Required to add images"
            },
            "type": "library",
            "autoload": {
                "psr-4": {
                    "PhpOffice\\PhpPresentation\\": "src/PhpPresentation/"
                }
            },
            "license": [
                "LGPL"
            ],
            "authors": [
                {
                    "name": "Mark Baker"
                },
                {
                    "name": "Franck Lefevre",
                    "homepage": "http://rootslabs.net"
                },
                {
                    "name": "Ivan Lanin",
                    "homepage": "http://ivan.lanin.org"
                }
            ],
            "description": "PHPPresentation - Read, Create and Write Presentations documents in PHP",
            "homepage": "http://phpoffice.github.io",
            "keywords": [
                "LibreOffice",
                "PHP",
                "PowerPoint",
                "odp",
                "ppt",
                "pptx",
                "presentations"
            ],
            "time": "2017-07-05 12:13:02"
        },
        {
            "name": "pimple/pimple",
            "version": "v3.2.3",
            "source": {
                "type": "git",
                "url": "git@github.com:silexphp/Pimple.git",
                "reference": "59a4bc26bc19c09ebf9373ca6783a0fce0e04330"
            },
            "dist": {
                "type": "tar",
                "url": "https://buildpackages.kajona.de:5443//dist/pimple-pimple-59a4bc26bc19c09ebf9373ca6783a0fce0e04330-zip-48c5a6.tar",
                "reference": "59a4bc26bc19c09ebf9373ca6783a0fce0e04330",
                "shasum": "29eda9281ef20c984a9bad053f95d24ad4189756"
            },
            "require": {
                "php": ">=5.3.0",
                "psr/container": "^1.0"
            },
            "require-dev": {
                "symfony/phpunit-bridge": "^3.2"
            },
            "type": "library",
            "extra": {
                "branch-alias": {
                    "dev-master": "3.2.x-dev"
                }
            },
            "autoload": {
                "psr-0": {
                    "Pimple": "src/"
                }
            },
            "license": [
                "MIT"
            ],
            "authors": [
                {
                    "name": "Fabien Potencier",
                    "email": "fabien@symfony.com"
                }
            ],
            "description": "Pimple, a simple Dependency Injection Container",
            "homepage": "http://pimple.sensiolabs.org",
            "keywords": [
                "container",
                "dependency injection"
            ],
            "time": "2018-01-21 07:42:36"
        },
        {
            "name": "psr/container",
            "version": "1.0.0",
            "source": {
                "type": "git",
                "url": "https://github.com/php-fig/container.git",
                "reference": "b7ce3b176482dbbc1245ebf52b181af44c2cf55f"
            },
            "dist": {
                "type": "zip",
                "url": "https://api.github.com/repos/php-fig/container/zipball/b7ce3b176482dbbc1245ebf52b181af44c2cf55f",
                "reference": "b7ce3b176482dbbc1245ebf52b181af44c2cf55f",
                "shasum": ""
            },
            "require": {
                "php": ">=5.3.0"
            },
            "type": "library",
            "extra": {
                "branch-alias": {
                    "dev-master": "1.0.x-dev"
                }
            },
            "autoload": {
                "psr-4": {
                    "Psr\\Container\\": "src/"
                }
            },
            "notification-url": "https://packagist.org/downloads/",
            "license": [
                "MIT"
            ],
            "authors": [
                {
                    "name": "PHP-FIG",
                    "homepage": "http://www.php-fig.org/"
                }
            ],
            "description": "Common Container Interface (PHP FIG PSR-11)",
            "homepage": "https://github.com/php-fig/container",
            "keywords": [
                "PSR-11",
                "container",
                "container-interface",
                "container-interop",
                "psr"
            ],
            "time": "2017-02-14 16:28:37"
        },
        {
            "name": "psr/log",
            "version": "1.0.2",
            "source": {
                "type": "git",
                "url": "git@github.com:php-fig/log.git",
                "reference": "4ebe3a8bf773a19edfe0a84b6585ba3d401b724d"
            },
            "dist": {
                "type": "tar",
                "url": "https://buildpackages.kajona.de:5443//dist/psr-log-4ebe3a8bf773a19edfe0a84b6585ba3d401b724d-zip-6434e8.tar",
                "reference": "4ebe3a8bf773a19edfe0a84b6585ba3d401b724d",
                "shasum": "db2cf2770adcf2a777528d068e45fe61ddcf2450"
            },
            "require": {
                "php": ">=5.3.0"
            },
            "type": "library",
            "extra": {
                "branch-alias": {
                    "dev-master": "1.0.x-dev"
                }
            },
            "autoload": {
                "psr-4": {
                    "Psr\\Log\\": "Psr/Log/"
                }
            },
            "license": [
                "MIT"
            ],
            "authors": [
                {
                    "name": "PHP-FIG",
                    "homepage": "http://www.php-fig.org/"
                }
            ],
            "description": "Common interface for logging libraries",
            "homepage": "https://github.com/php-fig/log",
            "keywords": [
                "log",
                "psr",
                "psr-3"
            ],
            "time": "2016-10-10 12:19:37"
        },
        {
            "name": "psr/simple-cache",
            "version": "1.0.1",
            "source": {
                "type": "git",
                "url": "https://github.com/php-fig/simple-cache.git",
                "reference": "408d5eafb83c57f6365a3ca330ff23aa4a5fa39b"
            },
            "dist": {
                "type": "zip",
                "url": "https://api.github.com/repos/php-fig/simple-cache/zipball/408d5eafb83c57f6365a3ca330ff23aa4a5fa39b",
                "reference": "408d5eafb83c57f6365a3ca330ff23aa4a5fa39b",
                "shasum": ""
            },
            "require": {
                "php": ">=5.3.0"
            },
            "type": "library",
            "extra": {
                "branch-alias": {
                    "dev-master": "1.0.x-dev"
                }
            },
            "autoload": {
                "psr-4": {
                    "Psr\\SimpleCache\\": "src/"
                }
            },
            "notification-url": "https://packagist.org/downloads/",
            "license": [
                "MIT"
            ],
            "authors": [
                {
                    "name": "PHP-FIG",
                    "homepage": "http://www.php-fig.org/"
                }
            ],
            "description": "Common interfaces for simple caching",
            "keywords": [
                "cache",
                "caching",
                "psr",
                "psr-16",
                "simple-cache"
            ],
            "time": "2017-10-23 01:57:42"
        },
        {
            "name": "sabre/dav",
            "version": "3.0.9",
            "source": {
                "type": "git",
                "url": "git@github.com:fruux/sabre-dav.git",
                "reference": "b42593965211de1ce99f73bd3aede99c41258e08"
            },
            "dist": {
                "type": "tar",
                "url": "https://buildpackages.kajona.de:5443//dist/sabre-dav-b42593965211de1ce99f73bd3aede99c41258e08-zip-541664.tar",
                "reference": "b42593965211de1ce99f73bd3aede99c41258e08",
                "shasum": "98f2f4e3de54b92ef8927633382bfbc6f24b151f"
            },
            "require": {
                "ext-ctype": "*",
                "ext-date": "*",
                "ext-dom": "*",
                "ext-iconv": "*",
                "ext-mbstring": "*",
                "ext-pcre": "*",
                "ext-simplexml": "*",
                "ext-spl": "*",
                "lib-libxml": ">=2.7.0",
                "php": ">=5.4.1",
                "sabre/event": "~2.0",
                "sabre/http": "~4.0",
                "sabre/uri": "~1.0",
                "sabre/vobject": "^3.3.4",
                "sabre/xml": "~1.0"
            },
            "require-dev": {
                "evert/phpdoc-md": "~0.1.0",
                "phpunit/phpunit": "~4.2",
                "sabre/cs": "~0.0.2"
            },
            "suggest": {
                "ext-curl": "*",
                "ext-pdo": "*"
            },
            "bin": [
                "bin/sabredav",
                "bin/naturalselection"
            ],
            "type": "library",
            "extra": {
                "branch-alias": {
                    "dev-master": "3.0.0-dev"
                }
            },
            "autoload": {
                "psr-4": {
                    "Sabre\\DAV\\": "lib/DAV/",
                    "Sabre\\DAVACL\\": "lib/DAVACL/",
                    "Sabre\\CalDAV\\": "lib/CalDAV/",
                    "Sabre\\CardDAV\\": "lib/CardDAV/"
                }
            },
            "license": [
                "BSD-3-Clause"
            ],
            "authors": [
                {
                    "name": "Evert Pot",
                    "email": "me@evertpot.com",
                    "homepage": "http://evertpot.com/",
                    "role": "Developer"
                }
            ],
            "description": "WebDAV Framework for PHP",
            "homepage": "http://sabre.io/",
            "keywords": [
                "CalDAV",
                "CardDAV",
                "Framework",
                "WebDAV",
                "iCalendar"
            ],
            "support": {
                "forum": "https://groups.google.com/group/sabredav-discuss",
                "source": "https://github.com/fruux/sabre-dav"
            },
            "time": "2016-04-07 00:11:29"
        },
        {
            "name": "sabre/event",
            "version": "2.0.2",
            "source": {
                "type": "git",
                "url": "https://github.com/sabre-io/event.git",
                "reference": "337b6f5e10ea6e0b21e22c7e5788dd3883ae73ff"
            },
            "dist": {
                "type": "zip",
                "url": "https://api.github.com/repos/sabre-io/event/zipball/337b6f5e10ea6e0b21e22c7e5788dd3883ae73ff",
                "reference": "337b6f5e10ea6e0b21e22c7e5788dd3883ae73ff",
                "shasum": ""
            },
            "require": {
                "php": ">=5.4.1"
            },
            "require-dev": {
                "phpunit/phpunit": "*",
                "sabre/cs": "~0.0.1"
            },
            "type": "library",
            "autoload": {
                "psr-4": {
                    "Sabre\\Event\\": "lib/"
                }
            },
            "notification-url": "https://packagist.org/downloads/",
            "license": [
                "BSD-3-Clause"
            ],
            "authors": [
                {
                    "name": "Evert Pot",
                    "email": "me@evertpot.com",
                    "homepage": "http://evertpot.com/",
                    "role": "Developer"
                }
            ],
            "description": "sabre/event is a library for lightweight event-based programming",
            "homepage": "http://sabre.io/event/",
            "keywords": [
                "EventEmitter",
                "events",
                "hooks",
                "plugin",
                "promise",
                "signal"
            ],
            "time": "2015-05-19 10:24:22"
        },
        {
            "name": "sabre/http",
            "version": "v4.2.4",
            "source": {
                "type": "git",
                "url": "https://github.com/sabre-io/http.git",
                "reference": "acccec4ba863959b2d10c1fa0fb902736c5c8956"
            },
            "dist": {
                "type": "zip",
                "url": "https://api.github.com/repos/sabre-io/http/zipball/acccec4ba863959b2d10c1fa0fb902736c5c8956",
                "reference": "acccec4ba863959b2d10c1fa0fb902736c5c8956",
                "shasum": ""
            },
            "require": {
                "ext-ctype": "*",
                "ext-mbstring": "*",
                "php": ">=5.4",
                "sabre/event": ">=1.0.0,<4.0.0",
                "sabre/uri": "~1.0"
            },
            "require-dev": {
                "phpunit/phpunit": "~4.3",
                "sabre/cs": "~0.0.1"
            },
            "suggest": {
                "ext-curl": " to make http requests with the Client class"
            },
            "type": "library",
            "autoload": {
                "files": [
                    "lib/functions.php"
                ],
                "psr-4": {
                    "Sabre\\HTTP\\": "lib/"
                }
            },
            "notification-url": "https://packagist.org/downloads/",
            "license": [
                "BSD-3-Clause"
            ],
            "authors": [
                {
                    "name": "Evert Pot",
                    "email": "me@evertpot.com",
                    "homepage": "http://evertpot.com/",
                    "role": "Developer"
                }
            ],
            "description": "The sabre/http library provides utilities for dealing with http requests and responses. ",
            "homepage": "https://github.com/fruux/sabre-http",
            "keywords": [
                "http"
            ],
            "time": "2018-02-23 11:10:29"
        },
        {
            "name": "sabre/uri",
            "version": "1.2.1",
            "source": {
                "type": "git",
                "url": "https://github.com/sabre-io/uri.git",
                "reference": "ada354d83579565949d80b2e15593c2371225e61"
            },
            "dist": {
                "type": "zip",
                "url": "https://api.github.com/repos/sabre-io/uri/zipball/ada354d83579565949d80b2e15593c2371225e61",
                "reference": "ada354d83579565949d80b2e15593c2371225e61",
                "shasum": ""
            },
            "require": {
                "php": ">=5.4.7"
            },
            "require-dev": {
                "phpunit/phpunit": ">=4.0,<6.0",
                "sabre/cs": "~1.0.0"
            },
            "type": "library",
            "autoload": {
                "files": [
                    "lib/functions.php"
                ],
                "psr-4": {
                    "Sabre\\Uri\\": "lib/"
                }
            },
            "notification-url": "https://packagist.org/downloads/",
            "license": [
                "BSD-3-Clause"
            ],
            "authors": [
                {
                    "name": "Evert Pot",
                    "email": "me@evertpot.com",
                    "homepage": "http://evertpot.com/",
                    "role": "Developer"
                }
            ],
            "description": "Functions for making sense out of URIs.",
            "homepage": "http://sabre.io/uri/",
            "keywords": [
                "rfc3986",
                "uri",
                "url"
            ],
            "time": "2017-02-20 19:59:28"
        },
        {
            "name": "sabre/vobject",
            "version": "3.5.3",
            "source": {
                "type": "git",
                "url": "https://github.com/sabre-io/vobject.git",
                "reference": "129d80533a9ec0d9cacfb50b51180c34edb6874c"
            },
            "dist": {
                "type": "zip",
                "url": "https://api.github.com/repos/sabre-io/vobject/zipball/129d80533a9ec0d9cacfb50b51180c34edb6874c",
                "reference": "129d80533a9ec0d9cacfb50b51180c34edb6874c",
                "shasum": ""
            },
            "require": {
                "ext-mbstring": "*",
                "php": ">=5.3.1"
            },
            "require-dev": {
                "phpunit/phpunit": "*",
                "squizlabs/php_codesniffer": "*"
            },
            "bin": [
                "bin/vobject",
                "bin/generate_vcards"
            ],
            "type": "library",
            "extra": {
                "branch-alias": {
                    "dev-master": "3.2.x-dev"
                }
            },
            "autoload": {
                "psr-4": {
                    "Sabre\\VObject\\": "lib/"
                }
            },
            "notification-url": "https://packagist.org/downloads/",
            "license": [
                "BSD-3-Clause"
            ],
            "authors": [
                {
                    "name": "Evert Pot",
                    "email": "me@evertpot.com",
                    "homepage": "http://evertpot.com/",
                    "role": "Developer"
                },
                {
                    "name": "Dominik Tobschall",
                    "email": "dominik@fruux.com",
                    "homepage": "http://tobschall.de/",
                    "role": "Developer"
                }
            ],
            "description": "The VObject library for PHP allows you to easily parse and manipulate iCalendar and vCard objects",
            "homepage": "http://sabre.io/vobject/",
            "keywords": [
                "VObject",
                "iCalendar",
                "jCal",
                "jCard",
                "vCard"
            ],
            "time": "2016-10-07 03:20:40"
        },
        {
            "name": "sabre/xml",
            "version": "1.5.0",
            "source": {
                "type": "git",
                "url": "https://github.com/sabre-io/xml.git",
                "reference": "59b20e5bbace9912607481634f97d05a776ffca7"
            },
            "dist": {
                "type": "zip",
                "url": "https://api.github.com/repos/sabre-io/xml/zipball/59b20e5bbace9912607481634f97d05a776ffca7",
                "reference": "59b20e5bbace9912607481634f97d05a776ffca7",
                "shasum": ""
            },
            "require": {
                "ext-dom": "*",
                "ext-xmlreader": "*",
                "ext-xmlwriter": "*",
                "lib-libxml": ">=2.6.20",
                "php": ">=5.5.5",
                "sabre/uri": ">=1.0,<3.0.0"
            },
            "require-dev": {
                "phpunit/phpunit": "*",
                "sabre/cs": "~1.0.0"
            },
            "type": "library",
            "autoload": {
                "psr-4": {
                    "Sabre\\Xml\\": "lib/"
                },
                "files": [
                    "lib/Deserializer/functions.php",
                    "lib/Serializer/functions.php"
                ]
            },
            "notification-url": "https://packagist.org/downloads/",
            "license": [
                "BSD-3-Clause"
            ],
            "authors": [
                {
                    "name": "Evert Pot",
                    "email": "me@evertpot.com",
                    "homepage": "http://evertpot.com/",
                    "role": "Developer"
                },
                {
                    "name": "Markus Staab",
                    "email": "markus.staab@redaxo.de",
                    "role": "Developer"
                }
            ],
            "description": "sabre/xml is an XML library that you may not hate.",
            "homepage": "https://sabre.io/xml/",
            "keywords": [
                "XMLReader",
                "XMLWriter",
                "dom",
                "xml"
            ],
            "time": "2016-10-09 22:57:52"
        },
        {
            "name": "symfony/process",
            "version": "v3.4.6",
            "source": {
                "type": "git",
                "url": "git@github.com:symfony/process.git",
                "reference": "89ae88a258c438d10f05a98a7e49e8fe0d324680"
            },
            "dist": {
                "type": "tar",
                "url": "https://buildpackages.kajona.de:5443//dist/symfony-process-89ae88a258c438d10f05a98a7e49e8fe0d324680-zip-b70425.tar",
                "reference": "89ae88a258c438d10f05a98a7e49e8fe0d324680",
                "shasum": "3ede84f5dc6a6b11c1dfffbfd0d14ed4c24f91a1"
            },
            "require": {
                "php": "^5.5.9|>=7.0.8"
            },
            "type": "library",
            "extra": {
                "branch-alias": {
                    "dev-master": "3.4-dev"
                }
            },
            "autoload": {
                "psr-4": {
                    "Symfony\\Component\\Process\\": ""
                },
                "exclude-from-classmap": [
                    "/Tests/"
                ]
            },
            "license": [
                "MIT"
            ],
            "authors": [
                {
                    "name": "Fabien Potencier",
                    "email": "fabien@symfony.com"
                },
                {
                    "name": "Symfony Community",
                    "homepage": "https://symfony.com/contributors"
                }
            ],
            "description": "Symfony Process Component",
            "homepage": "https://symfony.com",
            "time": "2018-02-12 17:55:00"
        },
        {
            "name": "tecnickcom/tcpdf",
            "version": "6.2.12",
            "source": {
                "type": "git",
                "url": "git@github.com:tecnickcom/TCPDF.git",
                "reference": "2f732eaa91b5665274689b1d40b285a7bacdc37f"
            },
            "dist": {
                "type": "tar",
                "url": "https://buildpackages.kajona.de:5443//dist/tecnickcom-tcpdf-2f732eaa91b5665274689b1d40b285a7bacdc37f-zip-15ba84.tar",
                "reference": "2f732eaa91b5665274689b1d40b285a7bacdc37f",
                "shasum": "21294b32272586953bfb824d672aa27ed86d09fd"
            },
            "require": {
                "php": ">=5.3.0"
            },
            "type": "library",
            "autoload": {
                "classmap": [
                    "fonts",
                    "config",
                    "include",
                    "tcpdf.php",
                    "tcpdf_parser.php",
                    "tcpdf_import.php",
                    "tcpdf_barcodes_1d.php",
                    "tcpdf_barcodes_2d.php",
                    "include/tcpdf_colors.php",
                    "include/tcpdf_filters.php",
                    "include/tcpdf_font_data.php",
                    "include/tcpdf_fonts.php",
                    "include/tcpdf_images.php",
                    "include/tcpdf_static.php",
                    "include/barcodes/datamatrix.php",
                    "include/barcodes/pdf417.php",
                    "include/barcodes/qrcode.php"
                ]
            },
            "license": [
                "LGPLv3"
            ],
            "authors": [
                {
                    "name": "Nicola Asuni",
                    "email": "info@tecnick.com",
                    "homepage": "http://nicolaasuni.tecnick.com"
                }
            ],
            "description": "TCPDF is a PHP class for generating PDF documents and barcodes.",
            "homepage": "http://www.tcpdf.org/",
            "keywords": [
                "PDF",
                "PDFD32000-2008",
                "barcodes",
                "datamatrix",
                "pdf417",
                "qrcode",
                "tcpdf"
            ],
            "time": "2015-09-12 10:08:34"
        },
        {
            "name": "zetacomponents/base",
            "version": "1.9.1",
            "source": {
                "type": "git",
                "url": "https://github.com/zetacomponents/Base.git",
                "reference": "489e20235989ddc97fdd793af31ac803972454f1"
            },
            "dist": {
                "type": "zip",
                "url": "https://api.github.com/repos/zetacomponents/Base/zipball/489e20235989ddc97fdd793af31ac803972454f1",
                "reference": "489e20235989ddc97fdd793af31ac803972454f1",
                "shasum": ""
            },
            "require-dev": {
                "phpunit/phpunit": "~5.7",
                "zetacomponents/unit-test": "*"
            },
            "type": "library",
            "autoload": {
                "classmap": [
                    "src"
                ]
            },
            "notification-url": "https://packagist.org/downloads/",
            "license": [
                "Apache-2.0"
            ],
            "authors": [
                {
                    "name": "Sergey Alexeev"
                },
                {
                    "name": "Sebastian Bergmann"
                },
                {
                    "name": "Jan Borsodi"
                },
                {
                    "name": "Raymond Bosman"
                },
                {
                    "name": "Frederik Holljen"
                },
                {
                    "name": "Kore Nordmann"
                },
                {
                    "name": "Derick Rethans"
                },
                {
                    "name": "Vadym Savchuk"
                },
                {
                    "name": "Tobias Schlitt"
                },
                {
                    "name": "Alexandru Stanoi"
                }
            ],
            "description": "The Base package provides the basic infrastructure that all packages rely on. Therefore every component relies on this package.",
            "homepage": "https://github.com/zetacomponents",
            "time": "2017-11-28 11:30:00"
        },
        {
            "name": "zetacomponents/graph",
            "version": "1.5.2",
            "source": {
                "type": "git",
                "url": "git@github.com:zetacomponents/Graph.git",
                "reference": "7efda09f967b92fe38a1fbf0c2090fc4fedb0c73"
            },
            "dist": {
                "type": "tar",
                "url": "https://buildpackages.kajona.de:5443//dist/zetacomponents-graph-7efda09f967b92fe38a1fbf0c2090fc4fedb0c73-zip-008c24.tar",
                "reference": "7efda09f967b92fe38a1fbf0c2090fc4fedb0c73",
                "shasum": "41d8e23d51f9a6e6b62391ea37ad0130038be7dd"
            },
            "require": {
                "zetacomponents/base": "~1.8"
            },
            "require-dev": {
                "zetacomponents/unit-test": "*"
            },
            "type": "library",
            "autoload": {
                "classmap": [
                    "src"
                ]
            },
            "license": [
                "Apache-2.0"
            ],
            "authors": [
                {
                    "name": "Sergey Alexeev"
                },
                {
                    "name": "Sebastian Bergmann"
                },
                {
                    "name": "Jan Borsodi"
                },
                {
                    "name": "Raymond Bosman"
                },
                {
                    "name": "Frederik Holljen"
                },
                {
                    "name": "Kore Nordmann"
                },
                {
                    "name": "Derick Rethans"
                },
                {
                    "name": "Vadym Savchuk"
                },
                {
                    "name": "Tobias Schlitt"
                },
                {
                    "name": "Alexandru Stanoi"
                },
                {
                    "name": "Lars Jankowski"
                },
                {
                    "name": "Elger Thiele"
                },
                {
                    "name": "Michael Maclean"
                }
            ],
            "description": "A component for creating pie charts, line graphs and other kinds of diagrams.",
            "homepage": "https://github.com/zetacomponents",
            "time": "2014-09-19 03:28:59"
        }
    ],
    "packages-dev": [],
    "aliases": [],
    "minimum-stability": "stable",
    "stability-flags": [],
    "prefer-stable": false,
    "prefer-lowest": false,
    "platform": {
        "php": ">=7.0"
    },
    "platform-dev": []
}
