{
    "_readme": [
        "This file locks the dependencies of your project to a known state",
        "Read more about it at https://getcomposer.org/doc/01-basic-usage.md#composer-lock-the-lock-file",
        "This file is @generated automatically"
    ],
    "hash": "5b50705cda11180e3c99d388bdfdc013",
    "content-hash": "e659825ebc4f9b776aa9ae085999cb15",
    "packages": [
        {
            "name": "artemeon/image",
            "version": "v0.1.1",
            "source": {
                "type": "git",
                "url": "https://github.com/artemeon/image.git",
                "reference": "15c663ced6302a2208ac86e7ffa5a90b9a5e8022"
            },
            "dist": {
                "type": "zip",
                "url": "https://api.github.com/repos/artemeon/image/zipball/15c663ced6302a2208ac86e7ffa5a90b9a5e8022",
                "reference": "15c663ced6302a2208ac86e7ffa5a90b9a5e8022",
                "shasum": ""
            },
            "require": {
                "php": ">=7.0"
            },
            "require-dev": {
                "phpunit/phpunit": "^6.0"
            },
            "type": "library",
            "autoload": {
                "psr-4": {
                    "Artemeon\\Image\\": "src"
                }
            },
            "notification-url": "https://packagist.org/downloads/",
            "license": [
                "MIT"
            ],
            "description": "Simple image manipulation",
            "homepage": "http://kajona.de",
            "keywords": [
                "image",
                "manipulation"
            ],
            "time": "2018-03-29 15:14:54"
        },
        {
            "name": "doctrine/cache",
            "version": "v1.6.1",
            "source": {
                "type": "git",
                "url": "git@github.com:doctrine/cache.git",
                "reference": "557e44fa9ee20e4f2601844d37ea25229265a72e"
            },
            "dist": {
                "type": "tar",
                "url": "https://buildpackages.kajona.de:5443//dist/doctrine-cache-557e44fa9ee20e4f2601844d37ea25229265a72e-zip-ef2436.tar",
                "reference": "557e44fa9ee20e4f2601844d37ea25229265a72e",
                "shasum": "3556220303578cb33880fa820e9f40ecf419cccf"
            },
            "require": {
                "php": "~5.5|~7.0"
            },
            "conflict": {
                "doctrine/common": ">2.2,<2.4"
            },
            "require-dev": {
                "phpunit/phpunit": "~4.8|~5.0",
                "predis/predis": "~1.0",
                "satooshi/php-coveralls": "~0.6"
            },
            "type": "library",
            "extra": {
                "branch-alias": {
                    "dev-master": "1.6.x-dev"
                }
            },
            "autoload": {
                "psr-4": {
                    "Doctrine\\Common\\Cache\\": "lib/Doctrine/Common/Cache"
                }
            },
            "autoload-dev": {
                "psr-4": {
                    "Doctrine\\Tests\\": "tests/Doctrine/Tests"
                }
            },
            "license": [
                "MIT"
            ],
            "authors": [
                {
                    "name": "Guilherme Blanco",
                    "email": "guilhermeblanco@gmail.com"
                },
                {
                    "name": "Roman Borschel",
                    "email": "roman@code-factory.org"
                },
                {
                    "name": "Benjamin Eberlei",
                    "email": "kontakt@beberlei.de"
                },
                {
                    "name": "Jonathan Wage",
                    "email": "jonwage@gmail.com"
                },
                {
                    "name": "Johannes Schmitt",
                    "email": "schmittjoh@gmail.com"
                }
            ],
            "description": "Caching library offering an object-oriented API for many cache backends",
            "homepage": "http://www.doctrine-project.org",
            "keywords": [
                "cache",
                "caching"
            ],
            "time": "2016-10-29 11:16:17"
        },
        {
            "name": "pimple/pimple",
            "version": "v3.0.2",
            "source": {
                "type": "git",
                "url": "git@github.com:silexphp/Pimple.git",
                "reference": "0edc4653791de2a1d8be57d6e903b82c6a973264"
            },
            "dist": {
                "type": "tar",
                "url": "https://buildpackages.kajona.de:5443//dist/pimple-pimple-0edc4653791de2a1d8be57d6e903b82c6a973264-zip-5b41ca.tar",
                "reference": "0edc4653791de2a1d8be57d6e903b82c6a973264",
                "shasum": "01a86ddcc430c991c668756da27715c950bca83d"
            },
            "require": {
                "php": ">=5.3.0"
            },
            "type": "library",
            "extra": {
                "branch-alias": {
                    "dev-master": "3.0.x-dev"
                }
            },
            "autoload": {
                "psr-0": {
                    "Pimple": "src/"
                }
            },
            "license": [
                "MIT"
            ],
            "authors": [
                {
                    "name": "Fabien Potencier",
                    "email": "fabien@symfony.com"
                }
            ],
            "description": "Pimple, a simple Dependency Injection Container",
            "homepage": "http://pimple.sensiolabs.org",
            "keywords": [
                "container",
                "dependency injection"
            ],
            "time": "2015-09-11 15:10:35"
        },
        {
            "name": "psr/log",
            "version": "1.0.2",
            "source": {
                "type": "git",
                "url": "git@github.com:php-fig/log.git",
                "reference": "4ebe3a8bf773a19edfe0a84b6585ba3d401b724d"
            },
            "dist": {
                "type": "tar",
                "url": "https://buildpackages.kajona.de:5443//dist/psr-log-4ebe3a8bf773a19edfe0a84b6585ba3d401b724d-zip-6434e8.tar",
                "reference": "4ebe3a8bf773a19edfe0a84b6585ba3d401b724d",
                "shasum": "db2cf2770adcf2a777528d068e45fe61ddcf2450"
            },
            "require": {
                "php": ">=5.3.0"
            },
            "type": "library",
            "extra": {
                "branch-alias": {
                    "dev-master": "1.0.x-dev"
                }
            },
            "autoload": {
                "psr-4": {
                    "Psr\\Log\\": "Psr/Log/"
                }
            },
            "license": [
                "MIT"
            ],
            "authors": [
                {
                    "name": "PHP-FIG",
                    "homepage": "http://www.php-fig.org/"
                }
            ],
            "description": "Common interface for logging libraries",
            "homepage": "https://github.com/php-fig/log",
            "keywords": [
                "log",
                "psr",
                "psr-3"
            ],
            "time": "2016-10-10 12:19:37"
        }
    ],
    "packages-dev": [],
    "aliases": [],
    "minimum-stability": "stable",
    "stability-flags": [],
    "prefer-stable": false,
    "prefer-lowest": false,
    "platform": [],
    "platform-dev": []
}
